# This file was autogenerated by Stack.
# You should not edit this file by hand.
# For more information, please see the documentation at:
#   https://docs.haskellstack.org/en/stable/lock_files

packages:
- completed:
    hackage: forsyde-shallow-3.4.0.0@sha256:c4ae53264097aeaedcbcf94165840ae37b0a215039bfbe95cf6b0f6b96636772,4219
    pantry-tree:
      size: 2600
      sha256: 6b80691c9048e17a8ca4e71f7f7270ddf9134ffb3aaa9b745df64267d5c06fac
  original:
    hackage: forsyde-shallow-3.4.0.0
snapshots:
- completed:
    size: 492638
    url: https://raw.githubusercontent.com/commercialhaskell/stackage-snapshots/master/lts/13/1.yaml
    sha256: 072c924d439a6b0c73241e575be15656a071c1b627706c88c66f9045870462ee
  original: lts-13.1
